
Microsoft Visual Studio Solution File, Format Version 12.00
# Visual Studio 15
VisualStudioVersion = 15.0.27428.2015
MinimumVisualStudioVersion = 10.0.40219.1
Project("{FAE04EC0-301F-11D3-BF4B-00C04F79EFBC}") = "POS_System", "POS_System\POS_System.csproj", "{DA1ACA30-686B-4BEC-B7F6-CEE78C433956}"
EndProject
Global
	GlobalSection(SolutionConfigurationPlatforms) = preSolution
		Debug|Any CPU = Debug|Any CPU
		Release|Any CPU = Release|Any CPU
	EndGlobalSection
	GlobalSection(ProjectConfigurationPlatforms) = postSolution
		{DA1ACA30-686B-4BEC-B7F6-CEE78C433956}.Debug|Any CPU.ActiveCfg = Debug|Any CPU
		{DA1ACA30-686B-4BEC-B7F6-CEE78C433956}.Debug|Any CPU.Build.0 = Debug|Any CPU
		{DA1ACA30-686B-4BEC-B7F6-CEE78C433956}.Release|Any CPU.ActiveCfg = Release|Any CPU
		{DA1ACA30-686B-4BEC-B7F6-CEE78C433956}.Release|Any CPU.Build.0 = Release|Any CPU
	EndGlobalSection
	GlobalSection(SolutionProperties) = preSolution
		HideSolutionNode = FALSE
	EndGlobalSection
	GlobalSection(ExtensibilityGlobals) = postSolution
		SolutionGuid = {9D3A20CA-6B47-408D-BED3-C4D72B003C72}
	EndGlobalSection
EndGlobal
